// !$*UTF8*$!
{
	archiveVersion = 1;
	classes = {
	};
	objectVersion = 55;
	objects = {

/* Begin PBXBuildFile section */
		3F2C134527EFD75A002858D7 /* AppDelegate.swift in Sources */ = {isa = PBXBuildFile; fileRef = 3F2C134427EFD75A002858D7 /* AppDelegate.swift */; };
		3F2C137527EFD7C8002858D7 /* WeakifiedClass.swift in Sources */ = {isa = PBXBuildFile; fileRef = 3F2C137427EFD7C8002858D7 /* WeakifiedClass.swift */; };
		3F2C138427EFDEFE002858D7 /* WeakClassTests.swift in Sources */ = {isa = PBXBuildFile; fileRef = 3F2C138327EFDEFE002858D7 /* WeakClassTests.swift */; };
		3F3D9F2D27F51F4900663A15 /* WeakPointerArray.swift in Sources */ = {isa = PBXBuildFile; fileRef = 3F52217127F5018200BC6260 /* WeakPointerArray.swift */; };
		3F3D9F2E27F51F4A00663A15 /* WeakPointerArray.swift in Sources */ = {isa = PBXBuildFile; fileRef = 3F52217127F5018200BC6260 /* WeakPointerArray.swift */; };
		3F3D9F3027F5215B00663A15 /* WeakPointerArrayTest.swift in Sources */ = {isa = PBXBuildFile; fileRef = 3F3D9F2F27F5215B00663A15 /* WeakPointerArrayTest.swift */; };
		3F5BCB7227F4F101008A471C /* PropertyWrapperWeakContainer.swift in Sources */ = {isa = PBXBuildFile; fileRef = 3F5BCB7127F4F101008A471C /* PropertyWrapperWeakContainer.swift */; };
		3F5BCB7427F4F4B4008A471C /* PropertyWrapperWeakContainerTests.swift in Sources */ = {isa = PBXBuildFile; fileRef = 3F5BCB7327F4F4B4008A471C /* PropertyWrapperWeakContainerTests.swift */; };
		3F5BCB7527F4F4B8008A471C /* PropertyWrapperWeakContainer.swift in Sources */ = {isa = PBXBuildFile; fileRef = 3F5BCB7127F4F101008A471C /* PropertyWrapperWeakContainer.swift */; };
		90569FAA27F4ADD500AC725B /* FunctionalWeakifiedTests.swift in Sources */ = {isa = PBXBuildFile; fileRef = 90569FA927F4ADD500AC725B /* FunctionalWeakifiedTests.swift */; };
		90569FAB27F4AEB600AC725B /* Foo.swift in Sources */ = {isa = PBXBuildFile; fileRef = 906C96F327F44AE800456291 /* Foo.swift */; };
		90569FAC27F4AEBA00AC725B /* WeakifiedClass.swift in Sources */ = {isa = PBXBuildFile; fileRef = 3F2C137427EFD7C8002858D7 /* WeakifiedClass.swift */; };
		906C96F427F44AE800456291 /* Foo.swift in Sources */ = {isa = PBXBuildFile; fileRef = 906C96F327F44AE800456291 /* Foo.swift */; };
		906C96F627F44BE300456291 /* NSHashTableWeakTests.swift in Sources */ = {isa = PBXBuildFile; fileRef = 906C96F527F44BE300456291 /* NSHashTableWeakTests.swift */; };
/* End PBXBuildFile section */

/* Begin PBXContainerItemProxy section */
		3F2C137E27EFDEB8002858D7 /* PBXContainerItemProxy */ = {
			isa = PBXContainerItemProxy;
			containerPortal = 3F2C133927EFD75A002858D7 /* Project object */;
			proxyType = 1;
			remoteGlobalIDString = 3F2C134027EFD75A002858D7;
			remoteInfo = WeakifiedContainers;
		};
/* End PBXContainerItemProxy section */

/* Begin PBXFileReference section */
		3F2C134127EFD75A002858D7 /* WeakifiedContainers.app */ = {isa = PBXFileReference; explicitFileType = wrapper.application; includeInIndex = 0; path = WeakifiedContainers.app; sourceTree = BUILT_PRODUCTS_DIR; };
		3F2C134427EFD75A002858D7 /* AppDelegate.swift */ = {isa = PBXFileReference; lastKnownFileType = sourcecode.swift; path = AppDelegate.swift; sourceTree = "<group>"; };
		3F2C135227EFD75D002858D7 /* Info.plist */ = {isa = PBXFileReference; lastKnownFileType = text.plist.xml; path = Info.plist; sourceTree = "<group>"; };
		3F2C137427EFD7C8002858D7 /* WeakifiedClass.swift */ = {isa = PBXFileReference; lastKnownFileType = sourcecode.swift; path = WeakifiedClass.swift; sourceTree = "<group>"; };
		3F2C137A27EFDEB8002858D7 /* WeakifiedContainersTests.xctest */ = {isa = PBXFileReference; explicitFileType = wrapper.cfbundle; includeInIndex = 0; path = WeakifiedContainersTests.xctest; sourceTree = BUILT_PRODUCTS_DIR; };
		3F2C138327EFDEFE002858D7 /* WeakClassTests.swift */ = {isa = PBXFileReference; lastKnownFileType = sourcecode.swift; path = WeakClassTests.swift; sourceTree = "<group>"; };
		3F3D9F2F27F5215B00663A15 /* WeakPointerArrayTest.swift */ = {isa = PBXFileReference; lastKnownFileType = sourcecode.swift; path = WeakPointerArrayTest.swift; sourceTree = "<group>"; };
		3F52217127F5018200BC6260 /* WeakPointerArray.swift */ = {isa = PBXFileReference; lastKnownFileType = sourcecode.swift; path = WeakPointerArray.swift; sourceTree = "<group>"; };
		3F5BCB7127F4F101008A471C /* PropertyWrapperWeakContainer.swift */ = {isa = PBXFileReference; lastKnownFileType = sourcecode.swift; path = PropertyWrapperWeakContainer.swift; sourceTree = "<group>"; };
		3F5BCB7327F4F4B4008A471C /* PropertyWrapperWeakContainerTests.swift */ = {isa = PBXFileReference; lastKnownFileType = sourcecode.swift; path = PropertyWrapperWeakContainerTests.swift; sourceTree = "<group>"; };
		90569FA727F4AB1000AC725B /* README.md */ = {isa = PBXFileReference; lastKnownFileType = net.daringfireball.markdown; path = README.md; sourceTree = "<group>"; };
		90569FA927F4ADD500AC725B /* FunctionalWeakifiedTests.swift */ = {isa = PBXFileReference; lastKnownFileType = sourcecode.swift; path = FunctionalWeakifiedTests.swift; sourceTree = "<group>"; };
		906C96F327F44AE800456291 /* Foo.swift */ = {isa = PBXFileReference; lastKnownFileType = sourcecode.swift; path = Foo.swift; sourceTree = "<group>"; };
		906C96F527F44BE300456291 /* NSHashTableWeakTests.swift */ = {isa = PBXFileReference; lastKnownFileType = sourcecode.swift; path = NSHashTableWeakTests.swift; sourceTree = "<group>"; };
/* End PBXFileReference section */

/* Begin PBXFrameworksBuildPhase section */
		3F2C133E27EFD75A002858D7 /* Frameworks */ = {
			isa = PBXFrameworksBuildPhase;
			buildActionMask = 2147483647;
			files = (
			);
			runOnlyForDeploymentPostprocessing = 0;
		};
		3F2C137727EFDEB8002858D7 /* Frameworks */ = {
			isa = PBXFrameworksBuildPhase;
			buildActionMask = 2147483647;
			files = (
			);
			runOnlyForDeploymentPostprocessing = 0;
		};
/* End PBXFrameworksBuildPhase section */

/* Begin PBXGroup section */
		3F2C133827EFD75A002858D7 = {
			isa = PBXGroup;
			children = (
				90569FA727F4AB1000AC725B /* README.md */,
				3F2C134327EFD75A002858D7 /* WeakifiedContainers */,
				3F2C137B27EFDEB8002858D7 /* WeakifiedContainersTests */,
				3F2C134227EFD75A002858D7 /* Products */,
			);
			sourceTree = "<group>";
		};
		3F2C134227EFD75A002858D7 /* Products */ = {
			isa = PBXGroup;
			children = (
				3F2C134127EFD75A002858D7 /* WeakifiedContainers.app */,
				3F2C137A27EFDEB8002858D7 /* WeakifiedContainersTests.xctest */,
			);
			name = Products;
			sourceTree = "<group>";
		};
		3F2C134327EFD75A002858D7 /* WeakifiedContainers */ = {
			isa = PBXGroup;
			children = (
				3F2C135227EFD75D002858D7 /* Info.plist */,
				3F2C134427EFD75A002858D7 /* AppDelegate.swift */,
				906C96F327F44AE800456291 /* Foo.swift */,
				3F5BCB7127F4F101008A471C /* PropertyWrapperWeakContainer.swift */,
				3F2C137427EFD7C8002858D7 /* WeakifiedClass.swift */,
				3F52217127F5018200BC6260 /* WeakPointerArray.swift */,
			);
			path = WeakifiedContainers;
			sourceTree = "<group>";
		};
		3F2C137B27EFDEB8002858D7 /* WeakifiedContainersTests */ = {
			isa = PBXGroup;
			children = (
				90569FA927F4ADD500AC725B /* FunctionalWeakifiedTests.swift */,
				906C96F527F44BE300456291 /* NSHashTableWeakTests.swift */,
				3F2C138327EFDEFE002858D7 /* WeakClassTests.swift */,
				3F5BCB7327F4F4B4008A471C /* PropertyWrapperWeakContainerTests.swift */,
				3F3D9F2F27F5215B00663A15 /* WeakPointerArrayTest.swift */,
			);
			path = WeakifiedContainersTests;
			sourceTree = "<group>";
		};
/* End PBXGroup section */

/* Begin PBXNativeTarget section */
		3F2C134027EFD75A002858D7 /* WeakifiedContainers */ = {
			isa = PBXNativeTarget;
			buildConfigurationList = 3F2C136B27EFD75D002858D7 /* Build configuration list for PBXNativeTarget "WeakifiedContainers" */;
			buildPhases = (
				3F2C133D27EFD75A002858D7 /* Sources */,
				3F2C133E27EFD75A002858D7 /* Frameworks */,
				3F2C133F27EFD75A002858D7 /* Resources */,
			);
			buildRules = (
			);
			dependencies = (
			);
			name = WeakifiedContainers;
			productName = WeakifiedContainers;
			productReference = 3F2C134127EFD75A002858D7 /* WeakifiedContainers.app */;
			productType = "com.apple.product-type.application";
		};
		3F2C137927EFDEB8002858D7 /* WeakifiedContainersTests */ = {
			isa = PBXNativeTarget;
			buildConfigurationList = 3F2C138027EFDEB8002858D7 /* Build configuration list for PBXNativeTarget "WeakifiedContainersTests" */;
			buildPhases = (
				3F2C137627EFDEB8002858D7 /* Sources */,
				3F2C137727EFDEB8002858D7 /* Frameworks */,
				3F2C137827EFDEB8002858D7 /* Resources */,
			);
			buildRules = (
			);
			dependencies = (
				3F2C137F27EFDEB8002858D7 /* PBXTargetDependency */,
			);
			name = WeakifiedContainersTests;
			productName = WeakifiedContainersTests;
			productReference = 3F2C137A27EFDEB8002858D7 /* WeakifiedContainersTests.xctest */;
			productType = "com.apple.product-type.bundle.unit-test";
		};
/* End PBXNativeTarget section */

/* Begin PBXProject section */
		3F2C133927EFD75A002858D7 /* Project object */ = {
			isa = PBXProject;
			attributes = {
				BuildIndependentTargetsInParallel = 1;
				LastSwiftUpdateCheck = 1330;
				LastUpgradeCheck = 1330;
				TargetAttributes = {
					3F2C134027EFD75A002858D7 = {
						CreatedOnToolsVersion = 13.3;
					};
					3F2C137927EFDEB8002858D7 = {
						CreatedOnToolsVersion = 13.3;
						LastSwiftMigration = 1330;
						TestTargetID = 3F2C134027EFD75A002858D7;
					};
				};
			};
			buildConfigurationList = 3F2C133C27EFD75A002858D7 /* Build configuration list for PBXProject "WeakifiedContainers" */;
			compatibilityVersion = "Xcode 13.0";
			developmentRegion = en;
			hasScannedForEncodings = 0;
			knownRegions = (
				en,
				Base,
			);
			mainGroup = 3F2C133827EFD75A002858D7;
			productRefGroup = 3F2C134227EFD75A002858D7 /* Products */;
			projectDirPath = "";
			projectRoot = "";
			targets = (
				3F2C134027EFD75A002858D7 /* WeakifiedContainers */,
				3F2C137927EFDEB8002858D7 /* WeakifiedContainersTests */,
			);
		};
/* End PBXProject section */

/* Begin PBXResourcesBuildPhase section */
		3F2C133F27EFD75A002858D7 /* Resources */ = {
			isa = PBXResourcesBuildPhase;
			buildActionMask = 2147483647;
			files = (
			);
			runOnlyForDeploymentPostprocessing = 0;
		};
		3F2C137827EFDEB8002858D7 /* Resources */ = {
			isa = PBXResourcesBuildPhase;
			buildActionMask = 2147483647;
			files = (
			);
			runOnlyForDeploymentPostprocessing = 0;
		};
/* End PBXResourcesBuildPhase section */

/* Begin PBXSourcesBuildPhase section */
		3F2C133D27EFD75A002858D7 /* Sources */ = {
			isa = PBXSourcesBuildPhase;
			buildActionMask = 2147483647;
			files = (
				3F3D9F2E27F51F4A00663A15 /* WeakPointerArray.swift in Sources */,
				3F2C137527EFD7C8002858D7 /* WeakifiedClass.swift in Sources */,
				906C96F427F44AE800456291 /* Foo.swift in Sources */,
				3F5BCB7227F4F101008A471C /* PropertyWrapperWeakContainer.swift in Sources */,
				3F2C134527EFD75A002858D7 /* AppDelegate.swift in Sources */,
			);
			runOnlyForDeploymentPostprocessing = 0;
		};
		3F2C137627EFDEB8002858D7 /* Sources */ = {
			isa = PBXSourcesBuildPhase;
			buildActionMask = 2147483647;
			files = (
				3F5BCB7527F4F4B8008A471C /* PropertyWrapperWeakContainer.swift in Sources */,
				3F3D9F2D27F51F4900663A15 /* WeakPointerArray.swift in Sources */,
				90569FAB27F4AEB600AC725B /* Foo.swift in Sources */,
				90569FAC27F4AEBA00AC725B /* WeakifiedClass.swift in Sources */,
				3F5BCB7427F4F4B4008A471C /* PropertyWrapperWeakContainerTests.swift in Sources */,
				90569FAA27F4ADD500AC725B /* FunctionalWeakifiedTests.swift in Sources */,
				3F2C138427EFDEFE002858D7 /* WeakClassTests.swift in Sources */,
				906C96F627F44BE300456291 /* NSHashTableWeakTests.swift in Sources */,
				3F3D9F3027F5215B00663A15 /* WeakPointerArrayTest.swift in Sources */,
			);
			runOnlyForDeploymentPostprocessing = 0;
		};
/* End PBXSourcesBuildPhase section */

/* Begin PBXTargetDependency section */
		3F2C137F27EFDEB8002858D7 /* PBXTargetDependency */ = {
			isa = PBXTargetDependency;
			target = 3F2C134027EFD75A002858D7 /* WeakifiedContainers */;
			targetProxy = 3F2C137E27EFDEB8002858D7 /* PBXContainerItemProxy */;
		};
/* End PBXTargetDependency section */

/* Begin XCBuildConfiguration section */
		3F2C136927EFD75D002858D7 /* Debug */ = {
			isa = XCBuildConfiguration;
			buildSettings = {
				ALWAYS_SEARCH_USER_PATHS = NO;
				CLANG_ANALYZER_NONNULL = YES;
				CLANG_ANALYZER_NUMBER_OBJECT_CONVERSION = YES_AGGRESSIVE;
				CLANG_CXX_LANGUAGE_STANDARD = "gnu++17";
				CLANG_ENABLE_MODULES = YES;
				CLANG_ENABLE_OBJC_ARC = YES;
				CLANG_ENABLE_OBJC_WEAK = YES;
				CLANG_WARN_BLOCK_CAPTURE_AUTORELEASING = YES;
				CLANG_WARN_BOOL_CONVERSION = YES;
				CLANG_WARN_COMMA = YES;
				CLANG_WARN_CONSTANT_CONVERSION = YES;
				CLANG_WARN_DEPRECATED_OBJC_IMPLEMENTATIONS = YES;
				CLANG_WARN_DIRECT_OBJC_ISA_USAGE = YES_ERROR;
				CLANG_WARN_DOCUMENTATION_COMMENTS = YES;
				CLANG_WARN_EMPTY_BODY = YES;
				CLANG_WARN_ENUM_CONVERSION = YES;
				CLANG_WARN_INFINITE_RECURSION = YES;
				CLANG_WARN_INT_CONVERSION = YES;
				CLANG_WARN_NON_LITERAL_NULL_CONVERSION = YES;
				CLANG_WARN_OBJC_IMPLICIT_RETAIN_SELF = YES;
				CLANG_WARN_OBJC_LITERAL_CONVERSION = YES;
				CLANG_WARN_OBJC_ROOT_CLASS = YES_ERROR;
				CLANG_WARN_QUOTED_INCLUDE_IN_FRAMEWORK_HEADER = YES;
				CLANG_WARN_RANGE_LOOP_ANALYSIS = YES;
				CLANG_WARN_STRICT_PROTOTYPES = YES;
				CLANG_WARN_SUSPICIOUS_MOVE = YES;
				CLANG_WARN_UNGUARDED_AVAILABILITY = YES_AGGRESSIVE;
				CLANG_WARN_UNREACHABLE_CODE = YES;
				CLANG_WARN__DUPLICATE_METHOD_MATCH = YES;
				COPY_PHASE_STRIP = NO;
				DEBUG_INFORMATION_FORMAT = dwarf;
				ENABLE_STRICT_OBJC_MSGSEND = YES;
				ENABLE_TESTABILITY = YES;
				GCC_C_LANGUAGE_STANDARD = gnu11;
				GCC_DYNAMIC_NO_PIC = NO;
				GCC_NO_COMMON_BLOCKS = YES;
				GCC_OPTIMIZATION_LEVEL = 0;
				GCC_PREPROCESSOR_DEFINITIONS = (
					"DEBUG=1",
					"$(inherited)",
				);
				GCC_WARN_64_TO_32_BIT_CONVERSION = YES;
				GCC_WARN_ABOUT_RETURN_TYPE = YES_ERROR;
				GCC_WARN_UNDECLARED_SELECTOR = YES;
				GCC_WARN_UNINITIALIZED_AUTOS = YES_AGGRESSIVE;
				GCC_WARN_UNUSED_FUNCTION = YES;
				GCC_WARN_UNUSED_VARIABLE = YES;
				IPHONEOS_DEPLOYMENT_TARGET = 15.4;
				MTL_ENABLE_DEBUG_INFO = INCLUDE_SOURCE;
				MTL_FAST_MATH = YES;
				ONLY_ACTIVE_ARCH = YES;
				SDKROOT = iphoneos;
				SWIFT_ACTIVE_COMPILATION_CONDITIONS = DEBUG;
				SWIFT_OPTIMIZATION_LEVEL = "-Onone";
			};
			name = Debug;
		};
		3F2C136A27EFD75D002858D7 /* Release */ = {
			isa = XCBuildConfiguration;
			buildSettings = {
				ALWAYS_SEARCH_USER_PATHS = NO;
				CLANG_ANALYZER_NONNULL = YES;
				CLANG_ANALYZER_NUMBER_OBJECT_CONVERSION = YES_AGGRESSIVE;
				CLANG_CXX_LANGUAGE_STANDARD = "gnu++17";
				CLANG_ENABLE_MODULES = YES;
				CLANG_ENABLE_OBJC_ARC = YES;
				CLANG_ENABLE_OBJC_WEAK = YES;
				CLANG_WARN_BLOCK_CAPTURE_AUTORELEASING = YES;
				CLANG_WARN_BOOL_CONVERSION = YES;
				CLANG_WARN_COMMA = YES;
				CLANG_WARN_CONSTANT_CONVERSION = YES;
				CLANG_WARN_DEPRECATED_OBJC_IMPLEMENTATIONS = YES;
				CLANG_WARN_DIRECT_OBJC_ISA_USAGE = YES_ERROR;
				CLANG_WARN_DOCUMENTATION_COMMENTS = YES;
				CLANG_WARN_EMPTY_BODY = YES;
				CLANG_WARN_ENUM_CONVERSION = YES;
				CLANG_WARN_INFINITE_RECURSION = YES;
				CLANG_WARN_INT_CONVERSION = YES;
				CLANG_WARN_NON_LITERAL_NULL_CONVERSION = YES;
				CLANG_WARN_OBJC_IMPLICIT_RETAIN_SELF = YES;
				CLANG_WARN_OBJC_LITERAL_CONVERSION = YES;
				CLANG_WARN_OBJC_ROOT_CLASS = YES_ERROR;
				CLANG_WARN_QUOTED_INCLUDE_IN_FRAMEWORK_HEADER = YES;
				CLANG_WARN_RANGE_LOOP_ANALYSIS = YES;
				CLANG_WARN_STRICT_PROTOTYPES = YES;
				CLANG_WARN_SUSPICIOUS_MOVE = YES;
				CLANG_WARN_UNGUARDED_AVAILABILITY = YES_AGGRESSIVE;
				CLANG_WARN_UNREACHABLE_CODE = YES;
				CLANG_WARN__DUPLICATE_METHOD_MATCH = YES;
				COPY_PHASE_STRIP = NO;
				DEBUG_INFORMATION_FORMAT = "dwarf-with-dsym";
				ENABLE_NS_ASSERTIONS = NO;
				ENABLE_STRICT_OBJC_MSGSEND = YES;
				GCC_C_LANGUAGE_STANDARD = gnu11;
				GCC_NO_COMMON_BLOCKS = YES;
				GCC_WARN_64_TO_32_BIT_CONVERSION = YES;
				GCC_WARN_ABOUT_RETURN_TYPE = YES_ERROR;
				GCC_WARN_UNDECLARED_SELECTOR = YES;
				GCC_WARN_UNINITIALIZED_AUTOS = YES_AGGRESSIVE;
				GCC_WARN_UNUSED_FUNCTION = YES;
				GCC_WARN_UNUSED_VARIABLE = YES;
				IPHONEOS_DEPLOYMENT_TARGET = 15.4;
				MTL_ENABLE_DEBUG_INFO = NO;
				MTL_FAST_MATH = YES;
				SDKROOT = iphoneos;
				SWIFT_COMPILATION_MODE = wholemodule;
				SWIFT_OPTIMIZATION_LEVEL = "-O";
				VALIDATE_PRODUCT = YES;
			};
			name = Release;
		};
		3F2C136C27EFD75D002858D7 /* Debug */ = {
			isa = XCBuildConfiguration;
			buildSettings = {
				ASSETCATALOG_COMPILER_APPICON_NAME = AppIcon;
				ASSETCATALOG_COMPILER_GLOBAL_ACCENT_COLOR_NAME = AccentColor;
				CODE_SIGN_STYLE = Automatic;
				CURRENT_PROJECT_VERSION = 1;
				DEVELOPMENT_TEAM = FH9R39U9P3;
				GENERATE_INFOPLIST_FILE = YES;
				INFOPLIST_FILE = WeakifiedContainers/Info.plist;
				INFOPLIST_KEY_UIApplicationSupportsIndirectInputEvents = YES;
				INFOPLIST_KEY_UILaunchStoryboardName = LaunchScreen;
				INFOPLIST_KEY_UISupportedInterfaceOrientations_iPad = "UIInterfaceOrientationPortrait UIInterfaceOrientationPortraitUpsideDown UIInterfaceOrientationLandscapeLeft UIInterfaceOrientationLandscapeRight";
				INFOPLIST_KEY_UISupportedInterfaceOrientations_iPhone = "UIInterfaceOrientationPortrait UIInterfaceOrientationLandscapeLeft UIInterfaceOrientationLandscapeRight";
				LD_RUNPATH_SEARCH_PATHS = (
					"$(inherited)",
					"@executable_path/Frameworks",
				);
				MARKETING_VERSION = 1.0;
				PRODUCT_BUNDLE_IDENTIFIER = com.wcgb.WeakifiedContainers;
				PRODUCT_NAME = "$(TARGET_NAME)";
				SWIFT_EMIT_LOC_STRINGS = YES;
				SWIFT_VERSION = 5.0;
				TARGETED_DEVICE_FAMILY = "1,2";
			};
			name = Debug;
		};
		3F2C136D27EFD75D002858D7 /* Release */ = {
			isa = XCBuildConfiguration;
			buildSettings = {
				ASSETCATALOG_COMPILER_APPICON_NAME = AppIcon;
				ASSETCATALOG_COMPILER_GLOBAL_ACCENT_COLOR_NAME = AccentColor;
				CODE_SIGN_STYLE = Automatic;
				CURRENT_PROJECT_VERSION = 1;
				DEVELOPMENT_TEAM = FH9R39U9P3;
				GENERATE_INFOPLIST_FILE = YES;
				INFOPLIST_FILE = WeakifiedContainers/Info.plist;
				INFOPLIST_KEY_UIApplicationSupportsIndirectInputEvents = YES;
				INFOPLIST_KEY_UILaunchStoryboardName = LaunchScreen;
				INFOPLIST_KEY_UISupportedInterfaceOrientations_iPad = "UIInterfaceOrientationPortrait UIInterfaceOrientationPortraitUpsideDown UIInterfaceOrientationLandscapeLeft UIInterfaceOrientationLandscapeRight";
				INFOPLIST_KEY_UISupportedInterfaceOrientations_iPhone = "UIInterfaceOrientationPortrait UIInterfaceOrientationLandscapeLeft UIInterfaceOrientationLandscapeRight";
				LD_RUNPATH_SEARCH_PATHS = (
					"$(inherited)",
					"@executable_path/Frameworks",
				);
				MARKETING_VERSION = 1.0;
				PRODUCT_BUNDLE_IDENTIFIER = com.wcgb.WeakifiedContainers;
				PRODUCT_NAME = "$(TARGET_NAME)";
				SWIFT_EMIT_LOC_STRINGS = YES;
				SWIFT_VERSION = 5.0;
				TARGETED_DEVICE_FAMILY = "1,2";
			};
			name = Release;
		};
		3F2C138127EFDEB8002858D7 /* Debug */ = {
			isa = XCBuildConfiguration;
			buildSettings = {
				BUNDLE_LOADER = "$(TEST_HOST)";
				CLANG_ENABLE_MODULES = YES;
				CODE_SIGN_STYLE = Automatic;
				CURRENT_PROJECT_VERSION = 1;
				DEVELOPMENT_TEAM = FH9R39U9P3;
				GENERATE_INFOPLIST_FILE = YES;
				LD_RUNPATH_SEARCH_PATHS = (
					"$(inherited)",
					"@executable_path/Frameworks",
					"@loader_path/Frameworks",
				);
				MARKETING_VERSION = 1.0;
				PRODUCT_BUNDLE_IDENTIFIER = com.wcgb.WeakifiedContainersTests;
				PRODUCT_NAME = "$(TARGET_NAME)";
				SWIFT_EMIT_LOC_STRINGS = NO;
				SWIFT_OPTIMIZATION_LEVEL = "-Onone";
				SWIFT_VERSION = 5.0;
				TARGETED_DEVICE_FAMILY = "1,2";
				TEST_HOST = "$(BUILT_PRODUCTS_DIR)/WeakifiedContainers.app/WeakifiedContainers";
			};
			name = Debug;
		};
		3F2C138227EFDEB8002858D7 /* Release */ = {
			isa = XCBuildConfiguration;
			buildSettings = {
				BUNDLE_LOADER = "$(TEST_HOST)";
				CLANG_ENABLE_MODULES = YES;
				CODE_SIGN_STYLE = Automatic;
				CURRENT_PROJECT_VERSION = 1;
				DEVELOPMENT_TEAM = FH9R39U9P3;
				GENERATE_INFOPLIST_FILE = YES;
				LD_RUNPATH_SEARCH_PATHS = (
					"$(inherited)",
					"@executable_path/Frameworks",
					"@loader_path/Frameworks",
				);
				MARKETING_VERSION = 1.0;
				PRODUCT_BUNDLE_IDENTIFIER = com.wcgb.WeakifiedContainersTests;
				PRODUCT_NAME = "$(TARGET_NAME)";
				SWIFT_EMIT_LOC_STRINGS = NO;
				SWIFT_VERSION = 5.0;
				TARGETED_DEVICE_FAMILY = "1,2";
				TEST_HOST = "$(BUILT_PRODUCTS_DIR)/WeakifiedContainers.app/WeakifiedContainers";
			};
			name = Release;
		};
/* End XCBuildConfiguration section */

/* Begin XCConfigurationList section */
		3F2C133C27EFD75A002858D7 /* Build configuration list for PBXProject "WeakifiedContainers" */ = {
			isa = XCConfigurationList;
			buildConfigurations = (
				3F2C136927EFD75D002858D7 /* Debug */,
				3F2C136A27EFD75D002858D7 /* Release */,
			);
			defaultConfigurationIsVisible = 0;
			defaultConfigurationName = Release;
		};
		3F2C136B27EFD75D002858D7 /* Build configuration list for PBXNativeTarget "WeakifiedContainers" */ = {
			isa = XCConfigurationList;
			buildConfigurations = (
				3F2C136C27EFD75D002858D7 /* Debug */,
				3F2C136D27EFD75D002858D7 /* Release */,
			);
			defaultConfigurationIsVisible = 0;
			defaultConfigurationName = Release;
		};
		3F2C138027EFDEB8002858D7 /* Build configuration list for PBXNativeTarget "WeakifiedContainersTests" */ = {
			isa = XCConfigurationList;
			buildConfigurations = (
				3F2C138127EFDEB8002858D7 /* Debug */,
				3F2C138227EFDEB8002858D7 /* Release */,
			);
			defaultConfigurationIsVisible = 0;
			defaultConfigurationName = Release;
		};
/* End XCConfigurationList section */
	};
	rootObject = 3F2C133927EFD75A002858D7 /* Project object */;
}
